
Microsoft Visual Studio Solution File, Format Version 12.00
# Visual Studio Version 17
VisualStudioVersion = 17.1.32319.34
MinimumVisualStudioVersion = 10.0.40219.1
Project("{FAE04EC0-301F-11D3-BF4B-00C04F79EFBC}") = "Bubble_Sort", "Bubble_Sort.csproj", "{CA3F220B-17C9-4DDB-9C56-6170D00A97CD}"
EndProject
Global
	GlobalSection(SolutionConfigurationPlatforms) = preSolution
		Debug|Any CPU = Debug|Any CPU
		Release|Any CPU = Release|Any CPU
	EndGlobalSection
	GlobalSection(ProjectConfigurationPlatforms) = postSolution
		{CA3F220B-17C9-4DDB-9C56-6170D00A97CD}.Debug|Any CPU.ActiveCfg = Debug|Any CPU
		{CA3F220B-17C9-4DDB-9C56-6170D00A97CD}.Debug|Any CPU.Build.0 = Debug|Any CPU
		{CA3F220B-17C9-4DDB-9C56-6170D00A97CD}.Release|Any CPU.ActiveCfg = Release|Any CPU
		{CA3F220B-17C9-4DDB-9C56-6170D00A97CD}.Release|Any CPU.Build.0 = Release|Any CPU
	EndGlobalSection
	GlobalSection(SolutionProperties) = preSolution
		HideSolutionNode = FALSE
	EndGlobalSection
	GlobalSection(ExtensibilityGlobals) = postSolution
		SolutionGuid = {23D5367F-441A-40F0-AFF4-041901116ABC}
	EndGlobalSection
EndGlobal
