
Microsoft Visual Studio Solution File, Format Version 12.00
# Visual Studio Version 17
VisualStudioVersion = 17.0.32002.185
MinimumVisualStudioVersion = 10.0.40219.1
Project("{FAE04EC0-301F-11D3-BF4B-00C04F79EFBC}") = "ConsoleApp1", "ConsoleApp1.csproj", "{ABA5DCFF-4BAB-463A-AA5D-CEF0C90AFB2F}"
EndProject
Global
	GlobalSection(SolutionConfigurationPlatforms) = preSolution
		Debug|Any CPU = Debug|Any CPU
		Release|Any CPU = Release|Any CPU
	EndGlobalSection
	GlobalSection(ProjectConfigurationPlatforms) = postSolution
		{ABA5DCFF-4BAB-463A-AA5D-CEF0C90AFB2F}.Debug|Any CPU.ActiveCfg = Debug|Any CPU
		{ABA5DCFF-4BAB-463A-AA5D-CEF0C90AFB2F}.Debug|Any CPU.Build.0 = Debug|Any CPU
		{ABA5DCFF-4BAB-463A-AA5D-CEF0C90AFB2F}.Release|Any CPU.ActiveCfg = Release|Any CPU
		{ABA5DCFF-4BAB-463A-AA5D-CEF0C90AFB2F}.Release|Any CPU.Build.0 = Release|Any CPU
	EndGlobalSection
	GlobalSection(SolutionProperties) = preSolution
		HideSolutionNode = FALSE
	EndGlobalSection
	GlobalSection(ExtensibilityGlobals) = postSolution
		SolutionGuid = {D62CE933-8D73-4174-A5DD-7248BE1D3A7B}
	EndGlobalSection
EndGlobal
