
Microsoft Visual Studio Solution File, Format Version 12.00
# Visual Studio Version 16
VisualStudioVersion = 16.0.31410.357
MinimumVisualStudioVersion = 10.0.40219.1
Project("{FAE04EC0-301F-11D3-BF4B-00C04F79EFBC}") = "Exercicio1_Poo", "Exercicio1_Poo\Exercicio1_Poo.csproj", "{55820427-237A-4416-A60A-90AD66B1C575}"
EndProject
Global
	GlobalSection(SolutionConfigurationPlatforms) = preSolution
		Debug|Any CPU = Debug|Any CPU
		Release|Any CPU = Release|Any CPU
	EndGlobalSection
	GlobalSection(ProjectConfigurationPlatforms) = postSolution
		{55820427-237A-4416-A60A-90AD66B1C575}.Debug|Any CPU.ActiveCfg = Debug|Any CPU
		{55820427-237A-4416-A60A-90AD66B1C575}.Debug|Any CPU.Build.0 = Debug|Any CPU
		{55820427-237A-4416-A60A-90AD66B1C575}.Release|Any CPU.ActiveCfg = Release|Any CPU
		{55820427-237A-4416-A60A-90AD66B1C575}.Release|Any CPU.Build.0 = Release|Any CPU
	EndGlobalSection
	GlobalSection(SolutionProperties) = preSolution
		HideSolutionNode = FALSE
	EndGlobalSection
	GlobalSection(ExtensibilityGlobals) = postSolution
		SolutionGuid = {21CCDEFD-26F6-431F-8794-DFB4F6C0CD3C}
	EndGlobalSection
EndGlobal
